
Microsoft Visual Studio Solution File, Format Version 12.00
# Visual Studio Version 17
VisualStudioVersion = 17.2.32516.85
MinimumVisualStudioVersion = 10.0.40219.1
Project("{FAE04EC0-301F-11D3-BF4B-00C04F79EFBC}") = "JWTCore5", "JWTCore5\JWTCore5.csproj", "{66C57701-6946-40E1-882D-F3E490613835}"
EndProject
Global
	GlobalSection(SolutionConfigurationPlatforms) = preSolution
		Debug|Any CPU = Debug|Any CPU
		Release|Any CPU = Release|Any CPU
	EndGlobalSection
	GlobalSection(ProjectConfigurationPlatforms) = postSolution
		{66C57701-6946-40E1-882D-F3E490613835}.Debug|Any CPU.ActiveCfg = Debug|Any CPU
		{66C57701-6946-40E1-882D-F3E490613835}.Debug|Any CPU.Build.0 = Debug|Any CPU
		{66C57701-6946-40E1-882D-F3E490613835}.Release|Any CPU.ActiveCfg = Release|Any CPU
		{66C57701-6946-40E1-882D-F3E490613835}.Release|Any CPU.Build.0 = Release|Any CPU
	EndGlobalSection
	GlobalSection(SolutionProperties) = preSolution
		HideSolutionNode = FALSE
	EndGlobalSection
	GlobalSection(ExtensibilityGlobals) = postSolution
		SolutionGuid = {83CC5E46-43E5-4606-B0BE-23B294B36E3B}
	EndGlobalSection
EndGlobal
